
Microsoft Visual Studio Solution File, Format Version 12.00
# Visual Studio Version 17
VisualStudioVersion = 17.14.36408.4 d17.14
MinimumVisualStudioVersion = 10.0.40219.1
Project("{8BC9CEB8-8B4A-11D0-8D11-00A0C91BC942}") = "algebraic", "algebraic.vcxproj", "{690429EF-E1AE-494B-AE98-384DFD3AC391}"
EndProject
Global
	GlobalSection(SolutionConfigurationPlatforms) = preSolution
		Debug|x64 = Debug|x64
		Debug|x86 = Debug|x86
		Release|x64 = Release|x64
		Release|x86 = Release|x86
	EndGlobalSection
	GlobalSection(ProjectConfigurationPlatforms) = postSolution
		{690429EF-E1AE-494B-AE98-384DFD3AC391}.Debug|x64.ActiveCfg = Debug|x64
		{690429EF-E1AE-494B-AE98-384DFD3AC391}.Debug|x64.Build.0 = Debug|x64
		{690429EF-E1AE-494B-AE98-384DFD3AC391}.Debug|x86.ActiveCfg = Debug|Win32
		{690429EF-E1AE-494B-AE98-384DFD3AC391}.Debug|x86.Build.0 = Debug|Win32
		{690429EF-E1AE-494B-AE98-384DFD3AC391}.Release|x64.ActiveCfg = Release|x64
		{690429EF-E1AE-494B-AE98-384DFD3AC391}.Release|x64.Build.0 = Release|x64
		{690429EF-E1AE-494B-AE98-384DFD3AC391}.Release|x86.ActiveCfg = Release|Win32
		{690429EF-E1AE-494B-AE98-384DFD3AC391}.Release|x86.Build.0 = Release|Win32
	EndGlobalSection
	GlobalSection(SolutionProperties) = preSolution
		HideSolutionNode = FALSE
	EndGlobalSection
	GlobalSection(ExtensibilityGlobals) = postSolution
		SolutionGuid = {DEC3C07E-B7F0-4797-80FA-5A8AF843AF87}
	EndGlobalSection
EndGlobal
